
Microsoft Visual Studio Solution File, Format Version 12.00
# Visual Studio 15
VisualStudioVersion = 15.0.28307.271
MinimumVisualStudioVersion = 10.0.40219.1
Project("{FAE04EC0-301F-11D3-BF4B-00C04F79EFBC}") = "Walls", "Walls\Walls.csproj", "{FF7F2AE3-6D08-49B5-AEA9-D1E7247EE91C}"
EndProject
Global
	GlobalSection(SolutionConfigurationPlatforms) = preSolution
		Debug|Any CPU = Debug|Any CPU
		Release|Any CPU = Release|Any CPU
	EndGlobalSection
	GlobalSection(ProjectConfigurationPlatforms) = postSolution
		{FF7F2AE3-6D08-49B5-AEA9-D1E7247EE91C}.Debug|Any CPU.ActiveCfg = Debug|Any CPU
		{FF7F2AE3-6D08-49B5-AEA9-D1E7247EE91C}.Debug|Any CPU.Build.0 = Debug|Any CPU
		{FF7F2AE3-6D08-49B5-AEA9-D1E7247EE91C}.Release|Any CPU.ActiveCfg = Release|Any CPU
		{FF7F2AE3-6D08-49B5-AEA9-D1E7247EE91C}.Release|Any CPU.Build.0 = Release|Any CPU
	EndGlobalSection
	GlobalSection(SolutionProperties) = preSolution
		HideSolutionNode = FALSE
	EndGlobalSection
	GlobalSection(ExtensibilityGlobals) = postSolution
		SolutionGuid = {DE2D35E6-F6F7-4DDF-A285-A7955706ED6F}
	EndGlobalSection
EndGlobal
